{
    "_readme": [
        "This file locks the dependencies of your project to a known state",
        "Read more about it at https://getcomposer.org/doc/01-basic-usage.md#installing-dependencies",
        "This file is @generated automatically"
    ],
    "content-hash": "d0268f01450ab0ef150b6b66f9754d1a",
    "packages": [
        {
            "name": "squizlabs/php_codesniffer",
            "version": "3.5.8",
            "source": {
                "type": "git",
                "url": "https://github.com/squizlabs/PHP_CodeSniffer.git",
                "reference": "9d583721a7157ee997f235f327de038e7ea6dac4"
            },
            "dist": {
                "type": "zip",
                "url": "https://api.github.com/repos/squizlabs/PHP_CodeSniffer/zipball/9d583721a7157ee997f235f327de038e7ea6dac4",
                "reference": "9d583721a7157ee997f235f327de038e7ea6dac4",
                "shasum": ""
            },
            "require": {
                "ext-simplexml": "*",
                "ext-tokenizer": "*",
                "ext-xmlwriter": "*",
                "php": ">=5.4.0"
            },
            "require-dev": {
                "phpunit/phpunit": "^4.0 || ^5.0 || ^6.0 || ^7.0"
            },
            "bin": [
                "bin/phpcs",
                "bin/phpcbf"
            ],
            "type": "library",
            "extra": {
                "branch-alias": {
                    "dev-master": "3.x-dev"
                }
            },
            "notification-url": "https://packagist.org/downloads/",
            "license": [
                "BSD-3-Clause"
            ],
            "authors": [
                {
                    "name": "Greg Sherwood",
                    "role": "lead"
                }
            ],
            "description": "PHP_CodeSniffer tokenizes PHP, JavaScript and CSS files and detects violations of a defined set of coding standards.",
            "homepage": "https://github.com/squizlabs/PHP_CodeSniffer",
            "keywords": [
                "phpcs",
                "standards"
            ],
            "time": "2020-10-23T02:01:07+00:00"
        },
        {
            "name": "webimpress/coding-standard",
            "version": "1.1.6",
            "source": {
                "type": "git",
                "url": "https://github.com/webimpress/coding-standard.git",
                "reference": "86096c377dc19cce12ac3092640b466689743b49"
            },
            "dist": {
                "type": "zip",
                "url": "https://api.github.com/repos/webimpress/coding-standard/zipball/86096c377dc19cce12ac3092640b466689743b49",
                "reference": "86096c377dc19cce12ac3092640b466689743b49",
                "shasum": ""
            },
            "require": {
                "php": "^7.1",
                "squizlabs/php_codesniffer": "^3.5.4"
            },
            "require-dev": {
                "phpunit/phpunit": "^7.5.20 || ^8.5.3 || ^9.1.1"
            },
            "type": "phpcodesniffer-standard",
            "extra": {
                "dev-master": "1.1.x-dev",
                "dev-develop": "1.2.x-dev"
            },
            "autoload": {
                "psr-4": {
                    "WebimpressCodingStandard\\": "src/WebimpressCodingStandard/"
                }
            },
            "notification-url": "https://packagist.org/downloads/",
            "license": [
                "BSD-2-Clause"
            ],
            "description": "Webimpress Coding Standard",
            "keywords": [
                "Coding Standard",
                "PSR-2",
                "phpcs",
                "psr-12",
                "webimpress"
            ],
            "support": {
                "issues": "https://github.com/webimpress/coding-standard/issues",
                "source": "https://github.com/webimpress/coding-standard/tree/1.1.6"
            },
            "funding": [
                {
                    "url": "https://github.com/michalbundyra",
                    "type": "github"
                }
            ],
            "time": "2020-10-14T17:34:31+00:00"
        }
    ],
    "packages-dev": [],
    "aliases": [],
    "minimum-stability": "stable",
    "stability-flags": [],
    "prefer-stable": false,
    "prefer-lowest": false,
    "platform": [],
    "platform-dev": [],
    "plugin-api-version": "2.0.0"
}
